
Microsoft Visual Studio Solution File, Format Version 12.00
# Visual Studio Version 17
VisualStudioVersion = 17.9.34728.123
MinimumVisualStudioVersion = 10.0.40219.1
Project("{9A19103F-16F7-4668-BE54-9A1E7A4F7556}") = "FeatureFlagMVCExample", "src\FeatureFlagMVCExample\FeatureFlagMVCExample.csproj", "{B39E61CD-AAEF-4380-8EEC-5D25CC703507}"
EndProject
Global
	GlobalSection(SolutionConfigurationPlatforms) = preSolution
		Debug|Any CPU = Debug|Any CPU
		Release|Any CPU = Release|Any CPU
	EndGlobalSection
	GlobalSection(ProjectConfigurationPlatforms) = postSolution
		{B39E61CD-AAEF-4380-8EEC-5D25CC703507}.Debug|Any CPU.ActiveCfg = Debug|Any CPU
		{B39E61CD-AAEF-4380-8EEC-5D25CC703507}.Debug|Any CPU.Build.0 = Debug|Any CPU
		{B39E61CD-AAEF-4380-8EEC-5D25CC703507}.Release|Any CPU.ActiveCfg = Release|Any CPU
		{B39E61CD-AAEF-4380-8EEC-5D25CC703507}.Release|Any CPU.Build.0 = Release|Any CPU
	EndGlobalSection
	GlobalSection(SolutionProperties) = preSolution
		HideSolutionNode = FALSE
	EndGlobalSection
	GlobalSection(ExtensibilityGlobals) = postSolution
		SolutionGuid = {3CA9BF07-E818-429A-BEC2-B44BF69B2BCB}
	EndGlobalSection
EndGlobal
